
Microsoft Visual Studio Solution File, Format Version 12.00
# Visual Studio Version 17
VisualStudioVersion = 17.7.34031.279
MinimumVisualStudioVersion = 10.0.40219.1
Project("{FAE04EC0-301F-11D3-BF4B-00C04F79EFBC}") = "MedicalGame", "MedicalGame.csproj", "{792108E4-4E4D-4D99-BA19-F3C34C177A4D}"
EndProject
Global
	GlobalSection(SolutionConfigurationPlatforms) = preSolution
		Debug|Any CPU = Debug|Any CPU
		Release|Any CPU = Release|Any CPU
	EndGlobalSection
	GlobalSection(ProjectConfigurationPlatforms) = postSolution
		{792108E4-4E4D-4D99-BA19-F3C34C177A4D}.Debug|Any CPU.ActiveCfg = Debug|Any CPU
		{792108E4-4E4D-4D99-BA19-F3C34C177A4D}.Debug|Any CPU.Build.0 = Debug|Any CPU
		{792108E4-4E4D-4D99-BA19-F3C34C177A4D}.Release|Any CPU.ActiveCfg = Release|Any CPU
		{792108E4-4E4D-4D99-BA19-F3C34C177A4D}.Release|Any CPU.Build.0 = Release|Any CPU
	EndGlobalSection
	GlobalSection(SolutionProperties) = preSolution
		HideSolutionNode = FALSE
	EndGlobalSection
	GlobalSection(ExtensibilityGlobals) = postSolution
		SolutionGuid = {7F47A636-7287-43C7-8354-49CCC95A66FE}
	EndGlobalSection
EndGlobal
